
Microsoft Visual Studio Solution File, Format Version 12.00
# Visual Studio Version 17
VisualStudioVersion = 17.2.32526.322
MinimumVisualStudioVersion = 10.0.40219.1
Project("{888888A0-9F3D-457C-B088-3A5042F75D52}") = "UnlockedPwner", "UnlockedPwner\UnlockedPwner.pyproj", "{57011B97-D9DC-4338-A910-B93567D3274B}"
EndProject
Global
	GlobalSection(SolutionConfigurationPlatforms) = preSolution
		Debug|Any CPU = Debug|Any CPU
		Release|Any CPU = Release|Any CPU
	EndGlobalSection
	GlobalSection(ProjectConfigurationPlatforms) = postSolution
		{57011B97-D9DC-4338-A910-B93567D3274B}.Debug|Any CPU.ActiveCfg = Debug|Any CPU
		{57011B97-D9DC-4338-A910-B93567D3274B}.Release|Any CPU.ActiveCfg = Release|Any CPU
	EndGlobalSection
	GlobalSection(SolutionProperties) = preSolution
		HideSolutionNode = FALSE
	EndGlobalSection
	GlobalSection(ExtensibilityGlobals) = postSolution
		SolutionGuid = {15C5F775-92AF-42F3-9EDF-A76B343A0133}
	EndGlobalSection
EndGlobal
